
Microsoft Visual Studio Solution File, Format Version 12.00
# Visual Studio Version 17
VisualStudioVersion = 17.3.32819.101
MinimumVisualStudioVersion = 10.0.40219.1
Project("{FAE04EC0-301F-11D3-BF4B-00C04F79EFBC}") = "Task", "Task\Task.csproj", "{7B46A447-3EA5-445A-A9D6-56CD0065F6CE}"
EndProject
Global
	GlobalSection(SolutionConfigurationPlatforms) = preSolution
		Debug|Any CPU = Debug|Any CPU
		Release|Any CPU = Release|Any CPU
	EndGlobalSection
	GlobalSection(ProjectConfigurationPlatforms) = postSolution
		{7B46A447-3EA5-445A-A9D6-56CD0065F6CE}.Debug|Any CPU.ActiveCfg = Debug|Any CPU
		{7B46A447-3EA5-445A-A9D6-56CD0065F6CE}.Debug|Any CPU.Build.0 = Debug|Any CPU
		{7B46A447-3EA5-445A-A9D6-56CD0065F6CE}.Release|Any CPU.ActiveCfg = Release|Any CPU
		{7B46A447-3EA5-445A-A9D6-56CD0065F6CE}.Release|Any CPU.Build.0 = Release|Any CPU
	EndGlobalSection
	GlobalSection(SolutionProperties) = preSolution
		HideSolutionNode = FALSE
	EndGlobalSection
	GlobalSection(ExtensibilityGlobals) = postSolution
		SolutionGuid = {A50068FB-C16B-4B54-96DA-BFE77B4C96E3}
	EndGlobalSection
EndGlobal
